Microsoft Visual Studio Solution File, Format Version 11.00
# Visual Studio 2008

Project("{4D1693E9-2FC3-99C5-7F4F-8B52A4E28CA8}") = "PhysX Stress", "Assembly-CSharp-firstpass.csproj", "{AE96A07C-CA1A-9C00-FAA8-1F97D0F5C7B2}"
EndProject
Project("{4D1693E9-2FC3-99C5-7F4F-8B52A4E28CA8}") = "PhysX Stress", "Assembly-CSharp.csproj", "{970960FD-431A-CAB9-0DFB-83531D0937AF}"
EndProject
Project("{4D1693E9-2FC3-99C5-7F4F-8B52A4E28CA8}") = "PhysX Stress", "Assembly-CSharp-Editor.csproj", "{C129AEA5-FBF3-80F6-5B94-198D4E153DE0}"
EndProject
Global
	GlobalSection(SolutionConfigurationPlatforms) = preSolution
		Debug|Any CPU = Debug|Any CPU
		Release|Any CPU = Release|Any CPU
	EndGlobalSection
	GlobalSection(ProjectConfigurationPlatforms) = postSolution
		{AE96A07C-CA1A-9C00-FAA8-1F97D0F5C7B2}.Debug|Any CPU.ActiveCfg = Debug|Any CPU
		{AE96A07C-CA1A-9C00-FAA8-1F97D0F5C7B2}.Debug|Any CPU.Build.0 = Debug|Any CPU
		{AE96A07C-CA1A-9C00-FAA8-1F97D0F5C7B2}.Release|Any CPU.ActiveCfg = Release|Any CPU
		{AE96A07C-CA1A-9C00-FAA8-1F97D0F5C7B2}.Release|Any CPU.Build.0 = Release|Any CPU
		{970960FD-431A-CAB9-0DFB-83531D0937AF}.Debug|Any CPU.ActiveCfg = Debug|Any CPU
		{970960FD-431A-CAB9-0DFB-83531D0937AF}.Debug|Any CPU.Build.0 = Debug|Any CPU
		{970960FD-431A-CAB9-0DFB-83531D0937AF}.Release|Any CPU.ActiveCfg = Release|Any CPU
		{970960FD-431A-CAB9-0DFB-83531D0937AF}.Release|Any CPU.Build.0 = Release|Any CPU
		{C129AEA5-FBF3-80F6-5B94-198D4E153DE0}.Debug|Any CPU.ActiveCfg = Debug|Any CPU
		{C129AEA5-FBF3-80F6-5B94-198D4E153DE0}.Debug|Any CPU.Build.0 = Debug|Any CPU
		{C129AEA5-FBF3-80F6-5B94-198D4E153DE0}.Release|Any CPU.ActiveCfg = Release|Any CPU
		{C129AEA5-FBF3-80F6-5B94-198D4E153DE0}.Release|Any CPU.Build.0 = Release|Any CPU
	EndGlobalSection
	GlobalSection(SolutionProperties) = preSolution
		HideSolutionNode = FALSE
	EndGlobalSection
	GlobalSection(MonoDevelopProperties) = preSolution
		StartupItem = Assembly-CSharp.csproj
	EndGlobalSection
EndGlobal
